
Microsoft Visual Studio Solution File, Format Version 12.00
# Visual Studio Version 17
VisualStudioVersion = 17.2.32630.192
MinimumVisualStudioVersion = 10.0.40219.1
Project("{FAE04EC0-301F-11D3-BF4B-00C04F79EFBC}") = "HighWay.Server", "HighWay\Server\HighWay.Server.csproj", "{E313BB92-6927-4B49-96E6-60154D411947}"
EndProject
Project("{FAE04EC0-301F-11D3-BF4B-00C04F79EFBC}") = "HighWay.Client", "HighWay\Client\HighWay.Client.csproj", "{A63175A2-8E9C-4CEC-BB53-072E4EB7220E}"
EndProject
Project("{FAE04EC0-301F-11D3-BF4B-00C04F79EFBC}") = "HighWay.Shared", "HighWay\Shared\HighWay.Shared.csproj", "{FF511F9F-204B-4808-AD63-988B73AB03E9}"
EndProject
Global
	GlobalSection(SolutionConfigurationPlatforms) = preSolution
		Debug|Any CPU = Debug|Any CPU
		Release|Any CPU = Release|Any CPU
	EndGlobalSection
	GlobalSection(ProjectConfigurationPlatforms) = postSolution
		{E313BB92-6927-4B49-96E6-60154D411947}.Debug|Any CPU.ActiveCfg = Debug|Any CPU
		{E313BB92-6927-4B49-96E6-60154D411947}.Debug|Any CPU.Build.0 = Debug|Any CPU
		{E313BB92-6927-4B49-96E6-60154D411947}.Release|Any CPU.ActiveCfg = Release|Any CPU
		{E313BB92-6927-4B49-96E6-60154D411947}.Release|Any CPU.Build.0 = Release|Any CPU
		{A63175A2-8E9C-4CEC-BB53-072E4EB7220E}.Debug|Any CPU.ActiveCfg = Debug|Any CPU
		{A63175A2-8E9C-4CEC-BB53-072E4EB7220E}.Debug|Any CPU.Build.0 = Debug|Any CPU
		{A63175A2-8E9C-4CEC-BB53-072E4EB7220E}.Release|Any CPU.ActiveCfg = Release|Any CPU
		{A63175A2-8E9C-4CEC-BB53-072E4EB7220E}.Release|Any CPU.Build.0 = Release|Any CPU
		{FF511F9F-204B-4808-AD63-988B73AB03E9}.Debug|Any CPU.ActiveCfg = Debug|Any CPU
		{FF511F9F-204B-4808-AD63-988B73AB03E9}.Debug|Any CPU.Build.0 = Debug|Any CPU
		{FF511F9F-204B-4808-AD63-988B73AB03E9}.Release|Any CPU.ActiveCfg = Release|Any CPU
		{FF511F9F-204B-4808-AD63-988B73AB03E9}.Release|Any CPU.Build.0 = Release|Any CPU
	EndGlobalSection
	GlobalSection(SolutionProperties) = preSolution
		HideSolutionNode = FALSE
	EndGlobalSection
	GlobalSection(ExtensibilityGlobals) = postSolution
		SolutionGuid = {C76F1106-2D81-4BCD-9E60-16175F415810}
	EndGlobalSection
EndGlobal
